{
  "name": "docker-stash",
  "version": "0.0.4-dev.2",
  "lockfileVersion": 1,
  "requires": true,
  "dependencies": {
    "dr-dev": {
      "version": "0.0.6",
      "resolved": "https://registry.npmjs.org/dr-dev/-/dr-dev-0.0.6.tgz",
      "integrity": "sha512-HN76NE6GjEt5UHtMQ+Jz7QB4O79mEd7tuAoiC7nhNjgdQz2mDtxEd7GymIK8xgeOWA61pJjWIWg4LEpJg4S6DQ==",
      "dev": true,
      "requires": {
        "dr-js": "^0.22.2 || ^0.22.2-dev.2"
      }
    },
    "dr-js": {
      "version": "0.22.2",
      "resolved": "https://registry.npmjs.org/dr-js/-/dr-js-0.22.2.tgz",
      "integrity": "sha512-CWtAJnl9NtPqUDTgcGQw/D/y6bhoYkbSJcOZ3j143R2Y+97XAQEGTDcHZIwkc/EZQO5B5z6BALXRy70wSELRHg==",
      "dev": true
    },
    "npm-parse": {
      "version": "0.0.4",
      "resolved": "https://registry.npmjs.org/npm-parse/-/npm-parse-0.0.4.tgz",
      "integrity": "sha512-X6vrH5jN4IIyIg/0XjFYbY2Vnz/+qkfhZ2dWpbcelAN3vSYfypq290I0MSES2DEj5GaR1dOLmyR2bZ+/DDISyw==",
      "dev": true
    }
  }
}
