{
  "name": "docker-stash",
  "version": "0.0.4-dev.3",
  "lockfileVersion": 1,
  "requires": true,
  "dependencies": {
    "dr-dev": {
      "version": "0.0.7-dev.0",
      "resolved": "https://registry.npmjs.org/dr-dev/-/dr-dev-0.0.7-dev.0.tgz",
      "integrity": "sha512-P5+UaEaRaxR/1oahM4z0KEDPn7iFK76y4Jj/VJI1ORB2ZlgHAamlQhOYKCoZeo/fjfsc52Uyph9l3doUp4SxVg==",
      "dev": true,
      "requires": {
        "dr-js": "^0.22.3 || ^0.22.3-dev.0"
      }
    },
    "dr-js": {
      "version": "0.22.3",
      "resolved": "https://registry.npmjs.org/dr-js/-/dr-js-0.22.3.tgz",
      "integrity": "sha512-5LPQ7dTGI2jhV7ET0zkkK4Pqb8J6c4oYP7AswXRjT9E9Z/TsFVnWjgbKVEnieNDrCNI27aDmMoqgP6Nrq5hFEQ==",
      "dev": true
    },
    "npm-parse": {
      "version": "0.0.4",
      "resolved": "https://registry.npmjs.org/npm-parse/-/npm-parse-0.0.4.tgz",
      "integrity": "sha512-X6vrH5jN4IIyIg/0XjFYbY2Vnz/+qkfhZ2dWpbcelAN3vSYfypq290I0MSES2DEj5GaR1dOLmyR2bZ+/DDISyw==",
      "dev": true
    }
  }
}
