{
  "name": "docker-stash",
  "version": "0.0.4-dev.4",
  "lockfileVersion": 1,
  "requires": true,
  "dependencies": {
    "@dr-js/core": {
      "version": "0.2.0-dev.6",
      "resolved": "https://registry.npmjs.org/@dr-js/core/-/core-0.2.0-dev.6.tgz",
      "integrity": "sha512-hJCeknnj4Ic/RvoE4mY2RrP0S7Zx+F9sP9iyq7YX9DsdWMHdl/adMVawyMkdJ2zylErxGEb5QgKKwWZBa431rQ==",
      "dev": true
    },
    "@dr-js/dev": {
      "version": "0.2.0-dev.1",
      "resolved": "https://registry.npmjs.org/@dr-js/dev/-/dev-0.2.0-dev.1.tgz",
      "integrity": "sha512-cIUxMqbHp49UTsOWbcyVAz70+5enrKXWPTRBlN+UGTMGXdIto9OBx791CbW6hjRKw1YI02+p/clek6VPXYatBQ==",
      "dev": true,
      "requires": {
        "@dr-js/core": "^0.2.0 || ^0.2.0-dev.5"
      }
    },
    "npm-parse": {
      "version": "0.0.4",
      "resolved": "https://registry.npmjs.org/npm-parse/-/npm-parse-0.0.4.tgz",
      "integrity": "sha512-X6vrH5jN4IIyIg/0XjFYbY2Vnz/+qkfhZ2dWpbcelAN3vSYfypq290I0MSES2DEj5GaR1dOLmyR2bZ+/DDISyw==",
      "dev": true
    }
  }
}
